
Microsoft Visual Studio Solution File, Format Version 12.00
# Visual Studio Version 17
VisualStudioVersion = 17.14.37314.3
MinimumVisualStudioVersion = 10.0.40219.1
Project("{2150E333-8FDC-42A3-9474-1A3956D46DE8}") = "API", "API", "{02EA681E-C7D8-13C7-8484-4AC65E1B71E8}"
EndProject
Project("{2150E333-8FDC-42A3-9474-1A3956D46DE8}") = "Core", "Core", "{28842C31-7434-44CF-ADA9-AF290123CA35}"
EndProject
Project("{2150E333-8FDC-42A3-9474-1A3956D46DE8}") = "Infraestructura", "Infraestructura", "{47C052FF-E09E-4E74-B474-5CC467760669}"
EndProject
Project("{2150E333-8FDC-42A3-9474-1A3956D46DE8}") = "Pruebas", "Pruebas", "{CD16DB1A-8831-4632-9B11-21A49E0FB4D2}"
EndProject
Project("{FAE04EC0-301F-11D3-BF4B-00C04F79EFBC}") = "DientesLimpios.Dominio", "DientesLimpios.Dominio\DientesLimpios.Dominio.csproj", "{4E708924-3B45-43CD-B37B-65A61BC459DC}"
EndProject
Project("{FAE04EC0-301F-11D3-BF4B-00C04F79EFBC}") = "DientesLimpios.Pruebas", "DientesLimpios.Pruebas\DientesLimpios.Pruebas.csproj", "{D91AC208-22B9-4BEC-8B48-9D78051E093A}"
EndProject
Project("{FAE04EC0-301F-11D3-BF4B-00C04F79EFBC}") = "DientesLimpios.Aplicacion", "DientesLimpios.Aplicacion\DientesLimpios.Aplicacion.csproj", "{C5AE096A-0BE5-42DE-A1E3-A586E40F66E6}"
EndProject
Global
	GlobalSection(SolutionConfigurationPlatforms) = preSolution
		Debug|Any CPU = Debug|Any CPU
		Release|Any CPU = Release|Any CPU
	EndGlobalSection
	GlobalSection(ProjectConfigurationPlatforms) = postSolution
		{4E708924-3B45-43CD-B37B-65A61BC459DC}.Debug|Any CPU.ActiveCfg = Debug|Any CPU
		{4E708924-3B45-43CD-B37B-65A61BC459DC}.Debug|Any CPU.Build.0 = Debug|Any CPU
		{4E708924-3B45-43CD-B37B-65A61BC459DC}.Release|Any CPU.ActiveCfg = Release|Any CPU
		{4E708924-3B45-43CD-B37B-65A61BC459DC}.Release|Any CPU.Build.0 = Release|Any CPU
		{D91AC208-22B9-4BEC-8B48-9D78051E093A}.Debug|Any CPU.ActiveCfg = Debug|Any CPU
		{D91AC208-22B9-4BEC-8B48-9D78051E093A}.Debug|Any CPU.Build.0 = Debug|Any CPU
		{D91AC208-22B9-4BEC-8B48-9D78051E093A}.Release|Any CPU.ActiveCfg = Release|Any CPU
		{D91AC208-22B9-4BEC-8B48-9D78051E093A}.Release|Any CPU.Build.0 = Release|Any CPU
		{C5AE096A-0BE5-42DE-A1E3-A586E40F66E6}.Debug|Any CPU.ActiveCfg = Debug|Any CPU
		{C5AE096A-0BE5-42DE-A1E3-A586E40F66E6}.Debug|Any CPU.Build.0 = Debug|Any CPU
		{C5AE096A-0BE5-42DE-A1E3-A586E40F66E6}.Release|Any CPU.ActiveCfg = Release|Any CPU
		{C5AE096A-0BE5-42DE-A1E3-A586E40F66E6}.Release|Any CPU.Build.0 = Release|Any CPU
	EndGlobalSection
	GlobalSection(SolutionProperties) = preSolution
		HideSolutionNode = FALSE
	EndGlobalSection
	GlobalSection(NestedProjects) = preSolution
		{4E708924-3B45-43CD-B37B-65A61BC459DC} = {28842C31-7434-44CF-ADA9-AF290123CA35}
		{D91AC208-22B9-4BEC-8B48-9D78051E093A} = {CD16DB1A-8831-4632-9B11-21A49E0FB4D2}
		{C5AE096A-0BE5-42DE-A1E3-A586E40F66E6} = {28842C31-7434-44CF-ADA9-AF290123CA35}
	EndGlobalSection
	GlobalSection(ExtensibilityGlobals) = postSolution
		SolutionGuid = {D4C9DF00-0624-4F78-8508-CFCED0719D8F}
	EndGlobalSection
EndGlobal
